{
  "requires": true,
  "lockfileVersion": 1,
  "dependencies": {
    "leaflet": {
      "version": "1.7.1",
      "resolved": "https://registry.npmjs.org/leaflet/-/leaflet-1.7.1.tgz",
      "integrity": "sha512-/xwPEBidtg69Q3HlqPdU3DnrXQOvQU/CCHA1tcDQVzOwm91YMYaILjNp7L4Eaw5Z4sOYdbBz6koWyibppd8Zqw=="
    },
    "leaflet-draw": {
      "version": "1.0.4",
      "resolved": "https://registry.npmjs.org/leaflet-draw/-/leaflet-draw-1.0.4.tgz",
      "integrity": "sha512-rsQ6saQO5ST5Aj6XRFylr5zvarWgzWnrg46zQ1MEOEIHsppdC/8hnN8qMoFvACsPvTioAuysya/TVtog15tyAQ=="
    },
    "leaflet-groupedlayercontrol": {
      "version": "0.6.1",
      "resolved": "https://registry.npmjs.org/leaflet-groupedlayercontrol/-/leaflet-groupedlayercontrol-0.6.1.tgz",
      "integrity": "sha1-y3CXx5jGtN7mROirhMDnC2o+HKo=",
      "requires": {
        "leaflet": "^1.0.1"
      }
    },
    "leaflet-makimarkers": {
      "version": "3.1.0",
      "resolved": "https://registry.npmjs.org/leaflet-makimarkers/-/leaflet-makimarkers-3.1.0.tgz",
      "integrity": "sha1-ts+JsWEVO6yHRvFXJtqievrmEXw=",
      "requires": {
        "leaflet": ">=0.5.0"
      }
    },
    "leaflet-search": {
      "version": "2.9.9",
      "resolved": "https://registry.npmjs.org/leaflet-search/-/leaflet-search-2.9.9.tgz",
      "integrity": "sha512-sGPjkMz9gQP+CKrY0G/RjQFWHdt1/KDJQiouv1dWogtN66rcE/aPR/DOduCXM3Um+VgsAmr5+jRQ0iK3Fs9I8A==",
      "requires": {
        "leaflet": "*"
      }
    },
    "leaflet-sidebar-v2": {
      "version": "3.2.3",
      "resolved": "https://registry.npmjs.org/leaflet-sidebar-v2/-/leaflet-sidebar-v2-3.2.3.tgz",
      "integrity": "sha512-narzdn81Y/8YpgHR3jhs93LhrLq0AGSRo7CXHEICHfMeK6IHSbtFOF9CTSfueaumRK0TgvHkiiYJb9dTKta6ZQ=="
    },
    "leaflet.zoomhome": {
      "version": "1.0.0",
      "resolved": "https://registry.npmjs.org/leaflet.zoomhome/-/leaflet.zoomhome-1.0.0.tgz",
      "integrity": "sha512-9f5h9pseGHc1Tr3UbgRIwK6Qi3eW9RvAadrUjpDoeJz6o1fmDirxEY9amxAH79QRG5zASfyZQwXvuzg+ldGf8w=="
    }
  }
}
